Microsoft Visual Studio Solution File, Format Version 12.00
# Visual Studio Version 17
VisualStudioVersion = 17.5.2.0
MinimumVisualStudioVersion = 10.0.40219.1
Project("{FAE04EC0-301F-11D3-BF4B-00C04F79EFBC}") = "jax", "jax.csproj", "{63EAF8B7-7427-D3F0-C553-0DD2926D01EA}"
EndProject
Global
	GlobalSection(SolutionConfigurationPlatforms) = preSolution
		Debug|Any CPU = Debug|Any CPU
		Release|Any CPU = Release|Any CPU
	EndGlobalSection
	GlobalSection(ProjectConfigurationPlatforms) = postSolution
		{63EAF8B7-7427-D3F0-C553-0DD2926D01EA}.Debug|Any CPU.ActiveCfg = Debug|Any CPU
		{63EAF8B7-7427-D3F0-C553-0DD2926D01EA}.Debug|Any CPU.Build.0 = Debug|Any CPU
		{63EAF8B7-7427-D3F0-C553-0DD2926D01EA}.Release|Any CPU.ActiveCfg = Release|Any CPU
		{63EAF8B7-7427-D3F0-C553-0DD2926D01EA}.Release|Any CPU.Build.0 = Release|Any CPU
	EndGlobalSection
	GlobalSection(SolutionProperties) = preSolution
		HideSolutionNode = FALSE
	EndGlobalSection
	GlobalSection(ExtensibilityGlobals) = postSolution
		SolutionGuid = {C4EEE704-6E1A-462B-9876-F45AA72B7C3D}
	EndGlobalSection
EndGlobal
